
Microsoft Visual Studio Solution File, Format Version 12.00
# Visual Studio Version 17
VisualStudioVersion = 17.9.34902.65
MinimumVisualStudioVersion = 10.0.40219.1
Project("{9A19103F-16F7-4668-BE54-9A1E7A4F7556}") = "Reengineering", "Reengineering\Reengineering.csproj", "{6007A2FE-1BDC-4601-A7A5-23626D241FB4}"
EndProject
Project("{9A19103F-16F7-4668-BE54-9A1E7A4F7556}") = "ReengineeringTests", "ReengineeringTests\ReengineeringTests.csproj", "{17F9D885-861D-481C-A47A-7BC46132DF73}"
EndProject
Project("{FAE04EC0-301F-11D3-BF4B-00C04F79EFBC}") = "ReengineeringAPI", "ReengineeringAPI\ReengineeringAPI.csproj", "{72785F19-8ADE-4498-A7A2-926D4851678C}"
EndProject
Global
	GlobalSection(SolutionConfigurationPlatforms) = preSolution
		Debug|Any CPU = Debug|Any CPU
		Release|Any CPU = Release|Any CPU
	EndGlobalSection
	GlobalSection(ProjectConfigurationPlatforms) = postSolution
		{6007A2FE-1BDC-4601-A7A5-23626D241FB4}.Debug|Any CPU.ActiveCfg = Debug|Any CPU
		{6007A2FE-1BDC-4601-A7A5-23626D241FB4}.Debug|Any CPU.Build.0 = Debug|Any CPU
		{6007A2FE-1BDC-4601-A7A5-23626D241FB4}.Release|Any CPU.ActiveCfg = Release|Any CPU
		{6007A2FE-1BDC-4601-A7A5-23626D241FB4}.Release|Any CPU.Build.0 = Release|Any CPU
		{17F9D885-861D-481C-A47A-7BC46132DF73}.Debug|Any CPU.ActiveCfg = Debug|Any CPU
		{17F9D885-861D-481C-A47A-7BC46132DF73}.Debug|Any CPU.Build.0 = Debug|Any CPU
		{17F9D885-861D-481C-A47A-7BC46132DF73}.Release|Any CPU.ActiveCfg = Release|Any CPU
		{17F9D885-861D-481C-A47A-7BC46132DF73}.Release|Any CPU.Build.0 = Release|Any CPU
		{72785F19-8ADE-4498-A7A2-926D4851678C}.Debug|Any CPU.ActiveCfg = Debug|Any CPU
		{72785F19-8ADE-4498-A7A2-926D4851678C}.Debug|Any CPU.Build.0 = Debug|Any CPU
		{72785F19-8ADE-4498-A7A2-926D4851678C}.Release|Any CPU.ActiveCfg = Release|Any CPU
		{72785F19-8ADE-4498-A7A2-926D4851678C}.Release|Any CPU.Build.0 = Release|Any CPU
	EndGlobalSection
	GlobalSection(SolutionProperties) = preSolution
		HideSolutionNode = FALSE
	EndGlobalSection
	GlobalSection(ExtensibilityGlobals) = postSolution
		SolutionGuid = {5F106FC6-9953-4BF9-B526-39C4C03C9951}
	EndGlobalSection
EndGlobal
